
Microsoft Visual Studio Solution File, Format Version 12.00
# Visual Studio Version 17
VisualStudioVersion = 17.7.34031.279
MinimumVisualStudioVersion = 10.0.40219.1
Project("{FAE04EC0-301F-11D3-BF4B-00C04F79EFBC}") = "Main_Contacts", "Main_Contacts\Main_Contacts.csproj", "{6E11757D-F19E-4E7F-8AC6-994A3D6348B6}"
EndProject
Global
	GlobalSection(SolutionConfigurationPlatforms) = preSolution
		Debug|Any CPU = Debug|Any CPU
		Release|Any CPU = Release|Any CPU
	EndGlobalSection
	GlobalSection(ProjectConfigurationPlatforms) = postSolution
		{6E11757D-F19E-4E7F-8AC6-994A3D6348B6}.Debug|Any CPU.ActiveCfg = Debug|Any CPU
		{6E11757D-F19E-4E7F-8AC6-994A3D6348B6}.Debug|Any CPU.Build.0 = Debug|Any CPU
		{6E11757D-F19E-4E7F-8AC6-994A3D6348B6}.Release|Any CPU.ActiveCfg = Release|Any CPU
		{6E11757D-F19E-4E7F-8AC6-994A3D6348B6}.Release|Any CPU.Build.0 = Release|Any CPU
	EndGlobalSection
	GlobalSection(SolutionProperties) = preSolution
		HideSolutionNode = FALSE
	EndGlobalSection
	GlobalSection(ExtensibilityGlobals) = postSolution
		SolutionGuid = {3E9C9438-0488-4B8F-BBF9-213E6F67CB5C}
	EndGlobalSection
EndGlobal
